
Microsoft Visual Studio Solution File, Format Version 12.00
# Visual Studio 2013
VisualStudioVersion = 12.0.31101.0
MinimumVisualStudioVersion = 10.0.40219.1
Project("{8BC9CEB8-8B4A-11D0-8D11-00A0C91BC942}") = "PatateQuest", "PatateQuest.vcxproj", "{5DCB417E-BDEC-474E-8226-DFA44EC7912A}"
EndProject
Project("{8BC9CEB8-8B4A-11D0-8D11-00A0C91BC942}") = "onut", "..\..\onut\project\win\onut.vcxproj", "{5A0E49D2-55F1-4AB5-94F6-D19F308ECC46}"
EndProject
Project("{8BC9CEB8-8B4A-11D0-8D11-00A0C91BC942}") = "ChipTune", "ChipTune\ChipTune.vcxproj", "{0731450D-8380-440D-BCA5-6322B01816C2}"
EndProject
Project("{8BC9CEB8-8B4A-11D0-8D11-00A0C91BC942}") = "nes", "..\nes\nes.vcxproj", "{67CA3567-EA7A-4AD7-8932-91C585428C5C}"
EndProject
Global
	GlobalSection(SolutionConfigurationPlatforms) = preSolution
		Debug|Win32 = Debug|Win32
		NESEditorD|Win32 = NESEditorD|Win32
		Release|Win32 = Release|Win32
	EndGlobalSection
	GlobalSection(ProjectConfigurationPlatforms) = postSolution
		{5DCB417E-BDEC-474E-8226-DFA44EC7912A}.Debug|Win32.ActiveCfg = Debug|Win32
		{5DCB417E-BDEC-474E-8226-DFA44EC7912A}.Debug|Win32.Build.0 = Debug|Win32
		{5DCB417E-BDEC-474E-8226-DFA44EC7912A}.NESEditorD|Win32.ActiveCfg = NESEditorD|Win32
		{5DCB417E-BDEC-474E-8226-DFA44EC7912A}.NESEditorD|Win32.Build.0 = NESEditorD|Win32
		{5DCB417E-BDEC-474E-8226-DFA44EC7912A}.Release|Win32.ActiveCfg = Release|Win32
		{5DCB417E-BDEC-474E-8226-DFA44EC7912A}.Release|Win32.Build.0 = Release|Win32
		{5A0E49D2-55F1-4AB5-94F6-D19F308ECC46}.Debug|Win32.ActiveCfg = Debug|Win32
		{5A0E49D2-55F1-4AB5-94F6-D19F308ECC46}.Debug|Win32.Build.0 = Debug|Win32
		{5A0E49D2-55F1-4AB5-94F6-D19F308ECC46}.NESEditorD|Win32.ActiveCfg = Debug|Win32
		{5A0E49D2-55F1-4AB5-94F6-D19F308ECC46}.NESEditorD|Win32.Build.0 = Debug|Win32
		{5A0E49D2-55F1-4AB5-94F6-D19F308ECC46}.Release|Win32.ActiveCfg = Release|Win32
		{5A0E49D2-55F1-4AB5-94F6-D19F308ECC46}.Release|Win32.Build.0 = Release|Win32
		{0731450D-8380-440D-BCA5-6322B01816C2}.Debug|Win32.ActiveCfg = Debug|Win32
		{0731450D-8380-440D-BCA5-6322B01816C2}.Debug|Win32.Build.0 = Debug|Win32
		{0731450D-8380-440D-BCA5-6322B01816C2}.NESEditorD|Win32.ActiveCfg = NESEditorD|Win32
		{0731450D-8380-440D-BCA5-6322B01816C2}.NESEditorD|Win32.Build.0 = NESEditorD|Win32
		{0731450D-8380-440D-BCA5-6322B01816C2}.Release|Win32.ActiveCfg = Release|Win32
		{0731450D-8380-440D-BCA5-6322B01816C2}.Release|Win32.Build.0 = Release|Win32
		{67CA3567-EA7A-4AD7-8932-91C585428C5C}.Debug|Win32.ActiveCfg = Debug|Win32
		{67CA3567-EA7A-4AD7-8932-91C585428C5C}.Debug|Win32.Build.0 = Debug|Win32
		{67CA3567-EA7A-4AD7-8932-91C585428C5C}.NESEditorD|Win32.ActiveCfg = NESEditorD|Win32
		{67CA3567-EA7A-4AD7-8932-91C585428C5C}.NESEditorD|Win32.Build.0 = NESEditorD|Win32
		{67CA3567-EA7A-4AD7-8932-91C585428C5C}.Release|Win32.ActiveCfg = Release|Win32
		{67CA3567-EA7A-4AD7-8932-91C585428C5C}.Release|Win32.Build.0 = Release|Win32
	EndGlobalSection
	GlobalSection(SolutionProperties) = preSolution
		HideSolutionNode = FALSE
	EndGlobalSection
EndGlobal
